<?xml version="1.0" encoding="utf-8"?>
<Project ToolsVersion="4.0" xmlns="http://schemas.microsoft.com/developer/msbuild/2003">
  <ItemGroup>
    <Filter Include="Framework">
      <UniqueIdentifier>{8749cf07-6e27-4e54-a8f3-86ef9609fdff}</UniqueIdentifier>
    </Filter>
    <Filter Include="Game">
      <UniqueIdentifier>{7f0d2776-8b85-42f4-af08-712f569535b5}</UniqueIdentifier>
    </Filter>
    <Filter Include="Entity">
      <UniqueIdentifier>{ce4e4778-e218-4f6a-b255-12f5df7dfe02}</UniqueIdentifier>
    </Filter>
  </ItemGroup>
  <ItemGroup>
    <ClCompile Include="Main_Windows.cpp">
      <Filter>Framework</Filter>
    </ClCompile>
    <ClCompile Include="App.cpp">
      <Filter>Framework</Filter>
    </ClCompile>
    <ClCompile Include="Game.cpp">
      <Filter>Game</Filter>
    </ClCompile>
    <ClCompile Include="Entity\Entity.cpp">
      <Filter>Entity</Filter>
    </ClCompile>
    <ClCompile Include="Entity\PlayerShip.cpp">
      <Filter>Entity</Filter>
    </ClCompile>
    <ClCompile Include="Entity\Bullet.cpp">
      <Filter>Entity</Filter>
    </ClCompile>
    <ClCompile Include="GameCommon.cpp">
      <Filter>Framework</Filter>
    </ClCompile>
    <ClCompile Include="Entity\Asteroid.cpp">
      <Filter>Entity</Filter>
    </ClCompile>
    <ClCompile Include="Entity\Debris.cpp">
      <Filter>Entity</Filter>
    </ClCompile>
    <ClCompile Include="Entity\Beetle.cpp">
      <Filter>Entity</Filter>
    </ClCompile>
    <ClCompile Include="Entity\Wasp.cpp">
      <Filter>Entity</Filter>
    </ClCompile>
  </ItemGroup>
  <ItemGroup>
    <ClInclude Include="App.hpp">
      <Filter>Framework</Filter>
    </ClInclude>
    <ClInclude Include="GameCommon.hpp">
      <Filter>Framework</Filter>
    </ClInclude>
    <ClInclude Include="Game.hpp">
      <Filter>Game</Filter>
    </ClInclude>
    <ClInclude Include="Entity\Entity.hpp">
      <Filter>Entity</Filter>
    </ClInclude>
    <ClInclude Include="Entity\PlayerShip.hpp">
      <Filter>Entity</Filter>
    </ClInclude>
    <ClInclude Include="Entity\Bullet.hpp">
      <Filter>Entity</Filter>
    </ClInclude>
    <ClInclude Include="Entity\Asteroid.hpp">
      <Filter>Entity</Filter>
    </ClInclude>
    <ClInclude Include="Entity\Debris.hpp">
      <Filter>Entity</Filter>
    </ClInclude>
    <ClInclude Include="Entity\Beetle.hpp">
      <Filter>Entity</Filter>
    </ClInclude>
    <ClInclude Include="Entity\Wasp.hpp">
      <Filter>Entity</Filter>
    </ClInclude>
    <ClInclude Include="EngineBuildPreferences.hpp">
      <Filter>Framework</Filter>
    </ClInclude>
  </ItemGroup>
</Project>